
Microsoft Visual Studio Solution File, Format Version 12.00
# Visual Studio Version 17
VisualStudioVersion = 17.5.33516.290
MinimumVisualStudioVersion = 10.0.40219.1
Project("{FAE04EC0-301F-11D3-BF4B-00C04F79EFBC}") = "ControleDeBar-2.0", "ControleDeBar-2.0\ControleDeBar-2.0.csproj", "{78ABAFEC-0BC7-4024-9BEA-D5D6455A8FD0}"
EndProject
Global
	GlobalSection(SolutionConfigurationPlatforms) = preSolution
		Debug|Any CPU = Debug|Any CPU
		Release|Any CPU = Release|Any CPU
	EndGlobalSection
	GlobalSection(ProjectConfigurationPlatforms) = postSolution
		{78ABAFEC-0BC7-4024-9BEA-D5D6455A8FD0}.Debug|Any CPU.ActiveCfg = Debug|Any CPU
		{78ABAFEC-0BC7-4024-9BEA-D5D6455A8FD0}.Debug|Any CPU.Build.0 = Debug|Any CPU
		{78ABAFEC-0BC7-4024-9BEA-D5D6455A8FD0}.Release|Any CPU.ActiveCfg = Release|Any CPU
		{78ABAFEC-0BC7-4024-9BEA-D5D6455A8FD0}.Release|Any CPU.Build.0 = Release|Any CPU
	EndGlobalSection
	GlobalSection(SolutionProperties) = preSolution
		HideSolutionNode = FALSE
	EndGlobalSection
	GlobalSection(ExtensibilityGlobals) = postSolution
		SolutionGuid = {DBDDA786-76E2-4937-8D42-D4B704F4B07A}
	EndGlobalSection
EndGlobal
